{
  "name": "npms-demo",
  "version": "1.0.0",
  "lockfileVersion": 2,
  "requires": true,
  "packages": {
    "": {
      "version": "1.0.0",
      "license": "ISC",
      "dependencies": {
        "chalk": "^4.1.2",
        "commander": "^11.1.0",
        "cross-spawn": "^7.0.3",
        "ora": "^5.4.1"
      },
      "bin": {
        "npms-demo": "bin/cli.js"
      },
      "devDependencies": {
        "vue": "^3.3.8",
        "vue-router": "^4.2.5",
        "vuex": "^4.1.0"
      }
    },
    "node_modules/@babel/parser": {
      "version": "7.23.3",
      "resolved": "http://10.0.5.47:28080/repository/zuolin_frontend_group/@babel/parser/-/parser-7.23.3.tgz",
      "integrity": "sha512-uVsWNvlVsIninV2prNz/3lHCb+5CJ+e+IUBfbjToAHODtfGYLfCFuY4AU7TskI+dAKk+njsPiBjq1gKTvZOBaw==",
      "dev": true,
      "license": "MIT",
      "bin": {
        "parser": "bin/babel-parser.js"
      },
      "engines": {
        "node": ">=6.0.0"
      }
    },
    "node_modules/@jridgewell/sourcemap-codec": {
      "version": "1.4.15",
      "resolved": "http://10.0.5.47:28080/repository/zuolin_frontend_group/@jridgewell/sourcemap-codec/-/sourcemap-codec-1.4.15.tgz",
      "integrity": "sha512-eF2rxCRulEKXHTRiDrDy6erMYWqNw4LPdQ8UQA4huuxaQsVeRPFl2oM8oDGxMFhJUWZf9McpLtJasDDZb/Bpeg==",
      "dev": true,
      "license": "MIT"
    },
    "node_modules/@vue/compiler-core": {
      "version": "3.3.8",
      "resolved": "http://10.0.5.47:28080/repository/zuolin_frontend_group/@vue/compiler-core/-/compiler-core-3.3.8.tgz",
      "integrity": "sha512-hN/NNBUECw8SusQvDSqqcVv6gWq8L6iAktUR0UF3vGu2OhzRqcOiAno0FmBJWwxhYEXRlQJT5XnoKsVq1WZx4g==",
      "dev": true,
      "license": "MIT",
      "dependencies": {
        "@babel/parser": "^7.23.0",
        "@vue/shared": "3.3.8",
        "estree-walker": "^2.0.2",
        "source-map-js": "^1.0.2"
      }
    },
    "node_modules/@vue/compiler-dom": {
      "version": "3.3.8",
      "resolved": "http://10.0.5.47:28080/repository/zuolin_frontend_group/@vue/compiler-dom/-/compiler-dom-3.3.8.tgz",
      "integrity": "sha512-+PPtv+p/nWDd0AvJu3w8HS0RIm/C6VGBIRe24b9hSyNWOAPEUosFZ5diwawwP8ip5sJ8n0Pe87TNNNHnvjs0FQ==",
      "dev": true,
      "license": "MIT",
      "dependencies": {
        "@vue/compiler-core": "3.3.8",
        "@vue/shared": "3.3.8"
      }
    },
    "node_modules/@vue/compiler-sfc": {
      "version": "3.3.8",
      "resolved": "http://10.0.5.47:28080/repository/zuolin_frontend_group/@vue/compiler-sfc/-/compiler-sfc-3.3.8.tgz",
      "integrity": "sha512-WMzbUrlTjfYF8joyT84HfwwXo+8WPALuPxhy+BZ6R4Aafls+jDBnSz8PDz60uFhuqFbl3HxRfxvDzrUf3THwpA==",
      "dev": true,
      "license": "MIT",
      "dependencies": {
        "@babel/parser": "^7.23.0",
        "@vue/compiler-core": "3.3.8",
        "@vue/compiler-dom": "3.3.8",
        "@vue/compiler-ssr": "3.3.8",
        "@vue/reactivity-transform": "3.3.8",
        "@vue/shared": "3.3.8",
        "estree-walker": "^2.0.2",
        "magic-string": "^0.30.5",
        "postcss": "^8.4.31",
        "source-map-js": "^1.0.2"
      }
    },
    "node_modules/@vue/compiler-ssr": {
      "version": "3.3.8",
      "resolved": "http://10.0.5.47:28080/repository/zuolin_frontend_group/@vue/compiler-ssr/-/compiler-ssr-3.3.8.tgz",
      "integrity": "sha512-hXCqQL/15kMVDBuoBYpUnSYT8doDNwsjvm3jTefnXr+ytn294ySnT8NlsFHmTgKNjwpuFy7XVV8yTeLtNl/P6w==",
      "dev": true,
      "license": "MIT",
      "dependencies": {
        "@vue/compiler-dom": "3.3.8",
        "@vue/shared": "3.3.8"
      }
    },
    "node_modules/@vue/devtools-api": {
      "version": "6.5.1",
      "resolved": "http://10.0.5.47:28080/repository/zuolin_frontend_group/@vue/devtools-api/-/devtools-api-6.5.1.tgz",
      "integrity": "sha512-+KpckaAQyfbvshdDW5xQylLni1asvNSGme1JFs8I1+/H5pHEhqUKMEQD/qn3Nx5+/nycBq11qAEi8lk+LXI2dA==",
      "dev": true,
      "license": "MIT"
    },
    "node_modules/@vue/reactivity": {
      "version": "3.3.8",
      "resolved": "http://10.0.5.47:28080/repository/zuolin_frontend_group/@vue/reactivity/-/reactivity-3.3.8.tgz",
      "integrity": "sha512-ctLWitmFBu6mtddPyOKpHg8+5ahouoTCRtmAHZAXmolDtuZXfjL2T3OJ6DL6ezBPQB1SmMnpzjiWjCiMYmpIuw==",
      "dev": true,
      "license": "MIT",
      "dependencies": {
        "@vue/shared": "3.3.8"
      }
    },
    "node_modules/@vue/reactivity-transform": {
      "version": "3.3.8",
      "resolved": "http://10.0.5.47:28080/repository/zuolin_frontend_group/@vue/reactivity-transform/-/reactivity-transform-3.3.8.tgz",
      "integrity": "sha512-49CvBzmZNtcHua0XJ7GdGifM8GOXoUMOX4dD40Y5DxI3R8OUhMlvf2nvgUAcPxaXiV5MQQ1Nwy09ADpnLQUqRw==",
      "dev": true,
      "license": "MIT",
      "dependencies": {
        "@babel/parser": "^7.23.0",
        "@vue/compiler-core": "3.3.8",
        "@vue/shared": "3.3.8",
        "estree-walker": "^2.0.2",
        "magic-string": "^0.30.5"
      }
    },
    "node_modules/@vue/runtime-core": {
      "version": "3.3.8",
      "resolved": "http://10.0.5.47:28080/repository/zuolin_frontend_group/@vue/runtime-core/-/runtime-core-3.3.8.tgz",
      "integrity": "sha512-qurzOlb6q26KWQ/8IShHkMDOuJkQnQcTIp1sdP4I9MbCf9FJeGVRXJFr2mF+6bXh/3Zjr9TDgURXrsCr9bfjUw==",
      "dev": true,
      "license": "MIT",
      "dependencies": {
        "@vue/reactivity": "3.3.8",
        "@vue/shared": "3.3.8"
      }
    },
    "node_modules/@vue/runtime-dom": {
      "version": "3.3.8",
      "resolved": "http://10.0.5.47:28080/repository/zuolin_frontend_group/@vue/runtime-dom/-/runtime-dom-3.3.8.tgz",
      "integrity": "sha512-Noy5yM5UIf9UeFoowBVgghyGGPIDPy1Qlqt0yVsUdAVbqI8eeMSsTqBtauaEoT2UFXUk5S64aWVNJN4MJ2vRdA==",
      "dev": true,
      "license": "MIT",
      "dependencies": {
        "@vue/runtime-core": "3.3.8",
        "@vue/shared": "3.3.8",
        "csstype": "^3.1.2"
      }
    },
    "node_modules/@vue/server-renderer": {
      "version": "3.3.8",
      "resolved": "http://10.0.5.47:28080/repository/zuolin_frontend_group/@vue/server-renderer/-/server-renderer-3.3.8.tgz",
      "integrity": "sha512-zVCUw7RFskvPuNlPn/8xISbrf0zTWsTSdYTsUTN1ERGGZGVnRxM2QZ3x1OR32+vwkkCm0IW6HmJ49IsPm7ilLg==",
      "dev": true,
      "license": "MIT",
      "dependencies": {
        "@vue/compiler-ssr": "3.3.8",
        "@vue/shared": "3.3.8"
      },
      "peerDependencies": {
        "vue": "3.3.8"
      }
    },
    "node_modules/@vue/shared": {
      "version": "3.3.8",
      "resolved": "http://10.0.5.47:28080/repository/zuolin_frontend_group/@vue/shared/-/shared-3.3.8.tgz",
      "integrity": "sha512-8PGwybFwM4x8pcfgqEQFy70NaQxASvOC5DJwLQfpArw1UDfUXrJkdxD3BhVTMS+0Lef/TU7YO0Jvr0jJY8T+mw==",
      "dev": true,
      "license": "MIT"
    },
    "node_modules/ansi-regex": {
      "version": "5.0.1",
      "resolved": "http://10.0.5.47:28080/repository/zuolin_frontend_group/ansi-regex/-/ansi-regex-5.0.1.tgz",
      "integrity": "sha1-CCyyyJyf6GWaMRpTvWpNxTAdswQ=",
      "license": "MIT",
      "engines": {
        "node": ">=8"
      }
    },
    "node_modules/ansi-styles": {
      "version": "4.3.0",
      "resolved": "http://10.0.5.47:28080/repository/zuolin_frontend_group/ansi-styles/-/ansi-styles-4.3.0.tgz",
      "integrity": "sha1-7dgDYornHATIWuegkG7a00tkiTc=",
      "license": "MIT",
      "dependencies": {
        "color-convert": "^2.0.1"
      },
      "engines": {
        "node": ">=8"
      },
      "funding": {
        "url": "https://github.com/chalk/ansi-styles?sponsor=1"
      }
    },
    "node_modules/base64-js": {
      "version": "1.5.1",
      "resolved": "http://10.0.5.47:28080/repository/zuolin_frontend_group/base64-js/-/base64-js-1.5.1.tgz",
      "integrity": "sha1-GxtEAWClv3rUC2UPCVljSBkDkwo=",
      "funding": [
        {
          "type": "github",
          "url": "https://github.com/sponsors/feross"
        },
        {
          "type": "patreon",
          "url": "https://www.patreon.com/feross"
        },
        {
          "type": "consulting",
          "url": "https://feross.org/support"
        }
      ],
      "license": "MIT"
    },
    "node_modules/bl": {
      "version": "4.1.0",
      "resolved": "http://10.0.5.47:28080/repository/zuolin_frontend_group/bl/-/bl-4.1.0.tgz",
      "integrity": "sha1-RRU1JkGCvsL7vIOmKrmM8R2fezo=",
      "license": "MIT",
      "dependencies": {
        "buffer": "^5.5.0",
        "inherits": "^2.0.4",
        "readable-stream": "^3.4.0"
      }
    },
    "node_modules/buffer": {
      "version": "5.7.1",
      "resolved": "http://10.0.5.47:28080/repository/zuolin_frontend_group/buffer/-/buffer-5.7.1.tgz",
      "integrity": "sha1-umLnwTEzBTWCGXFghRqPZI6Z7tA=",
      "funding": [
        {
          "type": "github",
          "url": "https://github.com/sponsors/feross"
        },
        {
          "type": "patreon",
          "url": "https://www.patreon.com/feross"
        },
        {
          "type": "consulting",
          "url": "https://feross.org/support"
        }
      ],
      "license": "MIT",
      "dependencies": {
        "base64-js": "^1.3.1",
        "ieee754": "^1.1.13"
      }
    },
    "node_modules/chalk": {
      "version": "4.1.2",
      "resolved": "http://10.0.5.47:28080/repository/zuolin_frontend_group/chalk/-/chalk-4.1.2.tgz",
      "integrity": "sha1-qsTit3NKdAhnrrFr8CqtVWoeegE=",
      "license": "MIT",
      "dependencies": {
        "ansi-styles": "^4.1.0",
        "supports-color": "^7.1.0"
      },
      "engines": {
        "node": ">=10"
      },
      "funding": {
        "url": "https://github.com/chalk/chalk?sponsor=1"
      }
    },
    "node_modules/cli-cursor": {
      "version": "3.1.0",
      "resolved": "http://10.0.5.47:28080/repository/zuolin_frontend_group/cli-cursor/-/cli-cursor-3.1.0.tgz",
      "integrity": "sha1-JkMFp65JDR0Dvwybp8kl0XU68wc=",
      "license": "MIT",
      "dependencies": {
        "restore-cursor": "^3.1.0"
      },
      "engines": {
        "node": ">=8"
      }
    },
    "node_modules/cli-spinners": {
      "version": "2.9.1",
      "resolved": "http://10.0.5.47:28080/repository/zuolin_frontend_group/cli-spinners/-/cli-spinners-2.9.1.tgz",
      "integrity": "sha512-jHgecW0pxkonBJdrKsqxgRX9AcG+u/5k0Q7WPDfi8AogLAdwxEkyYYNWwZ5GvVFoFx2uiY1eNcSK00fh+1+FyQ==",
      "license": "MIT",
      "engines": {
        "node": ">=6"
      },
      "funding": {
        "url": "https://github.com/sponsors/sindresorhus"
      }
    },
    "node_modules/clone": {
      "version": "1.0.4",
      "resolved": "http://10.0.5.47:28080/repository/zuolin_frontend_group/clone/-/clone-1.0.4.tgz",
      "integrity": "sha1-2jCcwmPfFZlMaIypAheco8fNfH4=",
      "license": "MIT",
      "engines": {
        "node": ">=0.8"
      }
    },
    "node_modules/color-convert": {
      "version": "2.0.1",
      "resolved": "http://10.0.5.47:28080/repository/zuolin_frontend_group/color-convert/-/color-convert-2.0.1.tgz",
      "integrity": "sha1-ctOmjVmMm9s68q0ehPIdiWq9TeM=",
      "license": "MIT",
      "dependencies": {
        "color-name": "~1.1.4"
      },
      "engines": {
        "node": ">=7.0.0"
      }
    },
    "node_modules/color-name": {
      "version": "1.1.4",
      "resolved": "http://10.0.5.47:28080/repository/zuolin_frontend_group/color-name/-/color-name-1.1.4.tgz",
      "integrity": "sha1-wqCah6y95pVD3m9j+jmVyCbFNqI=",
      "license": "MIT"
    },
    "node_modules/commander": {
      "version": "11.1.0",
      "resolved": "http://10.0.5.47:28080/repository/zuolin_frontend_group/commander/-/commander-11.1.0.tgz",
      "integrity": "sha512-yPVavfyCcRhmorC7rWlkHn15b4wDVgVmBA7kV4QVBsF7kv/9TKJAbAXVTxvTnwP8HHKjRCJDClKbciiYS7p0DQ==",
      "license": "MIT",
      "engines": {
        "node": ">=16"
      }
    },
    "node_modules/cross-spawn": {
      "version": "7.0.3",
      "resolved": "http://10.0.5.47:28080/repository/zuolin_frontend_group/cross-spawn/-/cross-spawn-7.0.3.tgz",
      "integrity": "sha1-9zqFudXUHQRVUcF34ogtSshXKKY=",
      "license": "MIT",
      "dependencies": {
        "path-key": "^3.1.0",
        "shebang-command": "^2.0.0",
        "which": "^2.0.1"
      },
      "engines": {
        "node": ">= 8"
      }
    },
    "node_modules/csstype": {
      "version": "3.1.2",
      "resolved": "http://10.0.5.47:28080/repository/zuolin_frontend_group/csstype/-/csstype-3.1.2.tgz",
      "integrity": "sha512-I7K1Uu0MBPzaFKg4nI5Q7Vs2t+3gWWW648spaF+Rg7pI9ds18Ugn+lvg4SHczUdKlHI5LWBXyqfS8+DufyBsgQ==",
      "dev": true,
      "license": "MIT"
    },
    "node_modules/defaults": {
      "version": "1.0.4",
      "resolved": "http://10.0.5.47:28080/repository/zuolin_frontend_group/defaults/-/defaults-1.0.4.tgz",
      "integrity": "sha512-eFuaLoy/Rxalv2kr+lqMlUnrDWV+3j4pljOIJgLIhI058IQfWJ7vXhyEIHu+HtC738klGALYxOKDO0bQP3tg8A==",
      "license": "MIT",
      "dependencies": {
        "clone": "^1.0.2"
      },
      "funding": {
        "url": "https://github.com/sponsors/sindresorhus"
      }
    },
    "node_modules/estree-walker": {
      "version": "2.0.2",
      "resolved": "http://10.0.5.47:28080/repository/zuolin_frontend_group/estree-walker/-/estree-walker-2.0.2.tgz",
      "integrity": "sha1-UvAQF4wqTBF6d1fP6UKtt9LaTKw=",
      "dev": true,
      "license": "MIT"
    },
    "node_modules/has-flag": {
      "version": "4.0.0",
      "resolved": "http://10.0.5.47:28080/repository/zuolin_frontend_group/has-flag/-/has-flag-4.0.0.tgz",
      "integrity": "sha1-lEdx/ZyByBJlxNaUGGDaBrtZR5s=",
      "license": "MIT",
      "engines": {
        "node": ">=8"
      }
    },
    "node_modules/ieee754": {
      "version": "1.2.1",
      "resolved": "http://10.0.5.47:28080/repository/zuolin_frontend_group/ieee754/-/ieee754-1.2.1.tgz",
      "integrity": "sha1-jrehCmP/8l0VpXsAFYbRd9Gw01I=",
      "funding": [
        {
          "type": "github",
          "url": "https://github.com/sponsors/feross"
        },
        {
          "type": "patreon",
          "url": "https://www.patreon.com/feross"
        },
        {
          "type": "consulting",
          "url": "https://feross.org/support"
        }
      ],
      "license": "BSD-3-Clause"
    },
    "node_modules/inherits": {
      "version": "2.0.4",
      "resolved": "http://10.0.5.47:28080/repository/zuolin_frontend_group/inherits/-/inherits-2.0.4.tgz",
      "integrity": "sha1-D6LGT5MpF8NDOg3tVTY6rjdBa3w=",
      "license": "ISC"
    },
    "node_modules/is-interactive": {
      "version": "1.0.0",
      "resolved": "http://10.0.5.47:28080/repository/zuolin_frontend_group/is-interactive/-/is-interactive-1.0.0.tgz",
      "integrity": "sha1-zqbmrlyHCnsKAAQHC3tYfgJSkS4=",
      "license": "MIT",
      "engines": {
        "node": ">=8"
      }
    },
    "node_modules/is-unicode-supported": {
      "version": "0.1.0",
      "resolved": "http://10.0.5.47:28080/repository/zuolin_frontend_group/is-unicode-supported/-/is-unicode-supported-0.1.0.tgz",
      "integrity": "sha1-PybHaoCVk7Ur+i7LVxDtJ3m1Iqc=",
      "license": "MIT",
      "engines": {
        "node": ">=10"
      },
      "funding": {
        "url": "https://github.com/sponsors/sindresorhus"
      }
    },
    "node_modules/isexe": {
      "version": "2.0.0",
      "resolved": "http://10.0.5.47:28080/repository/zuolin_frontend_group/isexe/-/isexe-2.0.0.tgz",
      "integrity": "sha1-6PvzdNxVb/iUehDcsFctYz8s+hA=",
      "license": "ISC"
    },
    "node_modules/log-symbols": {
      "version": "4.1.0",
      "resolved": "http://10.0.5.47:28080/repository/zuolin_frontend_group/log-symbols/-/log-symbols-4.1.0.tgz",
      "integrity": "sha1-P727lbRoOsn8eFER55LlWNSr1QM=",
      "license": "MIT",
      "dependencies": {
        "chalk": "^4.1.0",
        "is-unicode-supported": "^0.1.0"
      },
      "engines": {
        "node": ">=10"
      },
      "funding": {
        "url": "https://github.com/sponsors/sindresorhus"
      }
    },
    "node_modules/magic-string": {
      "version": "0.30.5",
      "resolved": "http://10.0.5.47:28080/repository/zuolin_frontend_group/magic-string/-/magic-string-0.30.5.tgz",
      "integrity": "sha512-7xlpfBaQaP/T6Vh8MO/EqXSW5En6INHEvEXQiuff7Gku0PWjU3uf6w/j9o7O+SpB5fOAkrI5HeoNgwjEO0pFsA==",
      "dev": true,
      "license": "MIT",
      "dependencies": {
        "@jridgewell/sourcemap-codec": "^1.4.15"
      },
      "engines": {
        "node": ">=12"
      }
    },
    "node_modules/mimic-fn": {
      "version": "2.1.0",
      "resolved": "http://10.0.5.47:28080/repository/zuolin_frontend_group/mimic-fn/-/mimic-fn-2.1.0.tgz",
      "integrity": "sha1-ftLCzMyvhNP/y3pptXcR/CCDQBs=",
      "license": "MIT",
      "engines": {
        "node": ">=6"
      }
    },
    "node_modules/nanoid": {
      "version": "3.3.7",
      "resolved": "http://10.0.5.47:28080/repository/zuolin_frontend_group/nanoid/-/nanoid-3.3.7.tgz",
      "integrity": "sha512-eSRppjcPIatRIMC1U6UngP8XFcz8MQWGQdt1MTBQ7NaAmvXDfvNxbvWV3x2y6CdEUciCSsDHDQZbhYaB8QEo2g==",
      "dev": true,
      "funding": [
        {
          "type": "github",
          "url": "https://github.com/sponsors/ai"
        }
      ],
      "license": "MIT",
      "bin": {
        "nanoid": "bin/nanoid.cjs"
      },
      "engines": {
        "node": "^10 || ^12 || ^13.7 || ^14 || >=15.0.1"
      }
    },
    "node_modules/onetime": {
      "version": "5.1.2",
      "resolved": "http://10.0.5.47:28080/repository/zuolin_frontend_group/onetime/-/onetime-5.1.2.tgz",
      "integrity": "sha1-0Oluu1awdHbfHdnEgG5SN5hcpF4=",
      "license": "MIT",
      "dependencies": {
        "mimic-fn": "^2.1.0"
      },
      "engines": {
        "node": ">=6"
      },
      "funding": {
        "url": "https://github.com/sponsors/sindresorhus"
      }
    },
    "node_modules/ora": {
      "version": "5.4.1",
      "resolved": "http://10.0.5.47:28080/repository/zuolin_frontend_group/ora/-/ora-5.4.1.tgz",
      "integrity": "sha1-GyZ4Qmr0rEpQkAjl5KyemVnbnhg=",
      "license": "MIT",
      "dependencies": {
        "bl": "^4.1.0",
        "chalk": "^4.1.0",
        "cli-cursor": "^3.1.0",
        "cli-spinners": "^2.5.0",
        "is-interactive": "^1.0.0",
        "is-unicode-supported": "^0.1.0",
        "log-symbols": "^4.1.0",
        "strip-ansi": "^6.0.0",
        "wcwidth": "^1.0.1"
      },
      "engines": {
        "node": ">=10"
      },
      "funding": {
        "url": "https://github.com/sponsors/sindresorhus"
      }
    },
    "node_modules/path-key": {
      "version": "3.1.1",
      "resolved": "http://10.0.5.47:28080/repository/zuolin_frontend_group/path-key/-/path-key-3.1.1.tgz",
      "integrity": "sha1-WB9q3mWMu6ZaDTOA3ndTKVBU83U=",
      "license": "MIT",
      "engines": {
        "node": ">=8"
      }
    },
    "node_modules/picocolors": {
      "version": "1.0.0",
      "resolved": "http://10.0.5.47:28080/repository/zuolin_frontend_group/picocolors/-/picocolors-1.0.0.tgz",
      "integrity": "sha1-y1vcdP8/UYkiNur3nWi8RFZKuBw=",
      "dev": true,
      "license": "ISC"
    },
    "node_modules/postcss": {
      "version": "8.4.31",
      "resolved": "http://10.0.5.47:28080/repository/zuolin_frontend_group/postcss/-/postcss-8.4.31.tgz",
      "integrity": "sha512-PS08Iboia9mts/2ygV3eLpY5ghnUcfLV/EXTOW1E2qYxJKGGBUtNjN76FYHnMs36RmARn41bC0AZmn+rR0OVpQ==",
      "dev": true,
      "funding": [
        {
          "type": "opencollective",
          "url": "https://opencollective.com/postcss/"
        },
        {
          "type": "tidelift",
          "url": "https://tidelift.com/funding/github/npm/postcss"
        },
        {
          "type": "github",
          "url": "https://github.com/sponsors/ai"
        }
      ],
      "license": "MIT",
      "dependencies": {
        "nanoid": "^3.3.6",
        "picocolors": "^1.0.0",
        "source-map-js": "^1.0.2"
      },
      "engines": {
        "node": "^10 || ^12 || >=14"
      }
    },
    "node_modules/readable-stream": {
      "version": "3.6.2",
      "resolved": "http://10.0.5.47:28080/repository/zuolin_frontend_group/readable-stream/-/readable-stream-3.6.2.tgz",
      "integrity": "sha512-9u/sniCrY3D5WdsERHzHE4G2YCXqoG5FTHUiCC4SIbr6XcLZBY05ya9EKjYek9O5xOAwjGq+1JdGBAS7Q9ScoA==",
      "license": "MIT",
      "dependencies": {
        "inherits": "^2.0.3",
        "string_decoder": "^1.1.1",
        "util-deprecate": "^1.0.1"
      },
      "engines": {
        "node": ">= 6"
      }
    },
    "node_modules/restore-cursor": {
      "version": "3.1.0",
      "resolved": "http://10.0.5.47:28080/repository/zuolin_frontend_group/restore-cursor/-/restore-cursor-3.1.0.tgz",
      "integrity": "sha1-OfZ8VLOnpYzqUjbZXPADQjljH34=",
      "license": "MIT",
      "dependencies": {
        "onetime": "^5.1.0",
        "signal-exit": "^3.0.2"
      },
      "engines": {
        "node": ">=8"
      }
    },
    "node_modules/safe-buffer": {
      "version": "5.2.1",
      "resolved": "http://10.0.5.47:28080/repository/zuolin_frontend_group/safe-buffer/-/safe-buffer-5.2.1.tgz",
      "integrity": "sha1-Hq+fqb2x/dTsdfWPnNtOa3gn7sY=",
      "funding": [
        {
          "type": "github",
          "url": "https://github.com/sponsors/feross"
        },
        {
          "type": "patreon",
          "url": "https://www.patreon.com/feross"
        },
        {
          "type": "consulting",
          "url": "https://feross.org/support"
        }
      ],
      "license": "MIT"
    },
    "node_modules/shebang-command": {
      "version": "2.0.0",
      "resolved": "http://10.0.5.47:28080/repository/zuolin_frontend_group/shebang-command/-/shebang-command-2.0.0.tgz",
      "integrity": "sha1-zNCvT4g1+9wmW4JGGq8MNmY/NOo=",
      "license": "MIT",
      "dependencies": {
        "shebang-regex": "^3.0.0"
      },
      "engines": {
        "node": ">=8"
      }
    },
    "node_modules/shebang-regex": {
      "version": "3.0.0",
      "resolved": "http://10.0.5.47:28080/repository/zuolin_frontend_group/shebang-regex/-/shebang-regex-3.0.0.tgz",
      "integrity": "sha1-rhbxZE2HPsrYQ7AwexQzYtTEIXI=",
      "license": "MIT",
      "engines": {
        "node": ">=8"
      }
    },
    "node_modules/signal-exit": {
      "version": "3.0.7",
      "resolved": "http://10.0.5.47:28080/repository/zuolin_frontend_group/signal-exit/-/signal-exit-3.0.7.tgz",
      "integrity": "sha512-wnD2ZE+l+SPC/uoS0vXeE9L1+0wuaMqKlfz9AMUo38JsyLSBWSFcHR1Rri62LZc12vLr1gb3jl7iwQhgwpAbGQ==",
      "license": "ISC"
    },
    "node_modules/source-map-js": {
      "version": "1.0.2",
      "resolved": "http://10.0.5.47:28080/repository/zuolin_frontend_group/source-map-js/-/source-map-js-1.0.2.tgz",
      "integrity": "sha512-R0XvVJ9WusLiqTCEiGCmICCMplcCkIwwR11mOSD9CR5u+IXYdiseeEuXCVAjS54zqwkLcPNnmU4OeJ6tUrWhDw==",
      "dev": true,
      "license": "BSD-3-Clause",
      "engines": {
        "node": ">=0.10.0"
      }
    },
    "node_modules/string_decoder": {
      "version": "1.3.0",
      "resolved": "http://10.0.5.47:28080/repository/zuolin_frontend_group/string_decoder/-/string_decoder-1.3.0.tgz",
      "integrity": "sha1-QvEUWUpGzxqOMLCoT1bHjD7awh4=",
      "license": "MIT",
      "dependencies": {
        "safe-buffer": "~5.2.0"
      }
    },
    "node_modules/strip-ansi": {
      "version": "6.0.1",
      "resolved": "http://10.0.5.47:28080/repository/zuolin_frontend_group/strip-ansi/-/strip-ansi-6.0.1.tgz",
      "integrity": "sha1-nibGPTD1NEPpSJSVshBdN7Z6hdk=",
      "license": "MIT",
      "dependencies": {
        "ansi-regex": "^5.0.1"
      },
      "engines": {
        "node": ">=8"
      }
    },
    "node_modules/supports-color": {
      "version": "7.2.0",
      "resolved": "http://10.0.5.47:28080/repository/zuolin_frontend_group/supports-color/-/supports-color-7.2.0.tgz",
      "integrity": "sha1-G33NyzK4E4gBs+R4umpRyqiWSNo=",
      "license": "MIT",
      "dependencies": {
        "has-flag": "^4.0.0"
      },
      "engines": {
        "node": ">=8"
      }
    },
    "node_modules/util-deprecate": {
      "version": "1.0.2",
      "resolved": "http://10.0.5.47:28080/repository/zuolin_frontend_group/util-deprecate/-/util-deprecate-1.0.2.tgz",
      "integrity": "sha1-RQ1Nyfpw3nMnYvvS1KKJgUGaDM8=",
      "license": "MIT"
    },
    "node_modules/vue": {
      "version": "3.3.8",
      "resolved": "http://10.0.5.47:28080/repository/zuolin_frontend_group/vue/-/vue-3.3.8.tgz",
      "integrity": "sha512-5VSX/3DabBikOXMsxzlW8JyfeLKlG9mzqnWgLQLty88vdZL7ZJgrdgBOmrArwxiLtmS+lNNpPcBYqrhE6TQW5w==",
      "dev": true,
      "license": "MIT",
      "dependencies": {
        "@vue/compiler-dom": "3.3.8",
        "@vue/compiler-sfc": "3.3.8",
        "@vue/runtime-dom": "3.3.8",
        "@vue/server-renderer": "3.3.8",
        "@vue/shared": "3.3.8"
      },
      "peerDependencies": {
        "typescript": "*"
      },
      "peerDependenciesMeta": {
        "typescript": {
          "optional": true
        }
      }
    },
    "node_modules/vue-router": {
      "version": "4.2.5",
      "resolved": "http://10.0.5.47:28080/repository/zuolin_frontend_group/vue-router/-/vue-router-4.2.5.tgz",
      "integrity": "sha512-DIUpKcyg4+PTQKfFPX88UWhlagBEBEfJ5A8XDXRJLUnZOvcpMF8o/dnL90vpVkGaPbjvXazV/rC1qBKrZlFugw==",
      "dev": true,
      "license": "MIT",
      "dependencies": {
        "@vue/devtools-api": "^6.5.0"
      },
      "funding": {
        "url": "https://github.com/sponsors/posva"
      },
      "peerDependencies": {
        "vue": "^3.2.0"
      }
    },
    "node_modules/vuex": {
      "version": "4.1.0",
      "resolved": "http://10.0.5.47:28080/repository/zuolin_frontend_group/vuex/-/vuex-4.1.0.tgz",
      "integrity": "sha512-hmV6UerDrPcgbSy9ORAtNXDr9M4wlNP4pEFKye4ujJF8oqgFFuxDCdOLS3eNoRTtq5O3hoBDh9Doj1bQMYHRbQ==",
      "dev": true,
      "license": "MIT",
      "dependencies": {
        "@vue/devtools-api": "^6.0.0-beta.11"
      },
      "peerDependencies": {
        "vue": "^3.2.0"
      }
    },
    "node_modules/wcwidth": {
      "version": "1.0.1",
      "resolved": "http://10.0.5.47:28080/repository/zuolin_frontend_group/wcwidth/-/wcwidth-1.0.1.tgz",
      "integrity": "sha1-8LDc+RW8X/FSivrbLA4XtTLaL+g=",
      "license": "MIT",
      "dependencies": {
        "defaults": "^1.0.3"
      }
    },
    "node_modules/which": {
      "version": "2.0.2",
      "resolved": "http://10.0.5.47:28080/repository/zuolin_frontend_group/which/-/which-2.0.2.tgz",
      "integrity": "sha1-fGqN0KY2oDJ+ELWckobu6T8/UbE=",
      "license": "ISC",
      "dependencies": {
        "isexe": "^2.0.0"
      },
      "bin": {
        "node-which": "bin/node-which"
      },
      "engines": {
        "node": ">= 8"
      }
    }
  },
  "dependencies": {
    "@babel/parser": {
      "version": "7.23.3",
      "resolved": "http://10.0.5.47:28080/repository/zuolin_frontend_group/@babel/parser/-/parser-7.23.3.tgz",
      "integrity": "sha512-uVsWNvlVsIninV2prNz/3lHCb+5CJ+e+IUBfbjToAHODtfGYLfCFuY4AU7TskI+dAKk+njsPiBjq1gKTvZOBaw==",
      "dev": true
    },
    "@jridgewell/sourcemap-codec": {
      "version": "1.4.15",
      "resolved": "http://10.0.5.47:28080/repository/zuolin_frontend_group/@jridgewell/sourcemap-codec/-/sourcemap-codec-1.4.15.tgz",
      "integrity": "sha512-eF2rxCRulEKXHTRiDrDy6erMYWqNw4LPdQ8UQA4huuxaQsVeRPFl2oM8oDGxMFhJUWZf9McpLtJasDDZb/Bpeg==",
      "dev": true
    },
    "@vue/compiler-core": {
      "version": "3.3.8",
      "resolved": "http://10.0.5.47:28080/repository/zuolin_frontend_group/@vue/compiler-core/-/compiler-core-3.3.8.tgz",
      "integrity": "sha512-hN/NNBUECw8SusQvDSqqcVv6gWq8L6iAktUR0UF3vGu2OhzRqcOiAno0FmBJWwxhYEXRlQJT5XnoKsVq1WZx4g==",
      "dev": true,
      "requires": {
        "@babel/parser": "^7.23.0",
        "@vue/shared": "3.3.8",
        "estree-walker": "^2.0.2",
        "source-map-js": "^1.0.2"
      }
    },
    "@vue/compiler-dom": {
      "version": "3.3.8",
      "resolved": "http://10.0.5.47:28080/repository/zuolin_frontend_group/@vue/compiler-dom/-/compiler-dom-3.3.8.tgz",
      "integrity": "sha512-+PPtv+p/nWDd0AvJu3w8HS0RIm/C6VGBIRe24b9hSyNWOAPEUosFZ5diwawwP8ip5sJ8n0Pe87TNNNHnvjs0FQ==",
      "dev": true,
      "requires": {
        "@vue/compiler-core": "3.3.8",
        "@vue/shared": "3.3.8"
      }
    },
    "@vue/compiler-sfc": {
      "version": "3.3.8",
      "resolved": "http://10.0.5.47:28080/repository/zuolin_frontend_group/@vue/compiler-sfc/-/compiler-sfc-3.3.8.tgz",
      "integrity": "sha512-WMzbUrlTjfYF8joyT84HfwwXo+8WPALuPxhy+BZ6R4Aafls+jDBnSz8PDz60uFhuqFbl3HxRfxvDzrUf3THwpA==",
      "dev": true,
      "requires": {
        "@babel/parser": "^7.23.0",
        "@vue/compiler-core": "3.3.8",
        "@vue/compiler-dom": "3.3.8",
        "@vue/compiler-ssr": "3.3.8",
        "@vue/reactivity-transform": "3.3.8",
        "@vue/shared": "3.3.8",
        "estree-walker": "^2.0.2",
        "magic-string": "^0.30.5",
        "postcss": "^8.4.31",
        "source-map-js": "^1.0.2"
      }
    },
    "@vue/compiler-ssr": {
      "version": "3.3.8",
      "resolved": "http://10.0.5.47:28080/repository/zuolin_frontend_group/@vue/compiler-ssr/-/compiler-ssr-3.3.8.tgz",
      "integrity": "sha512-hXCqQL/15kMVDBuoBYpUnSYT8doDNwsjvm3jTefnXr+ytn294ySnT8NlsFHmTgKNjwpuFy7XVV8yTeLtNl/P6w==",
      "dev": true,
      "requires": {
        "@vue/compiler-dom": "3.3.8",
        "@vue/shared": "3.3.8"
      }
    },
    "@vue/devtools-api": {
      "version": "6.5.1",
      "resolved": "http://10.0.5.47:28080/repository/zuolin_frontend_group/@vue/devtools-api/-/devtools-api-6.5.1.tgz",
      "integrity": "sha512-+KpckaAQyfbvshdDW5xQylLni1asvNSGme1JFs8I1+/H5pHEhqUKMEQD/qn3Nx5+/nycBq11qAEi8lk+LXI2dA==",
      "dev": true
    },
    "@vue/reactivity": {
      "version": "3.3.8",
      "resolved": "http://10.0.5.47:28080/repository/zuolin_frontend_group/@vue/reactivity/-/reactivity-3.3.8.tgz",
      "integrity": "sha512-ctLWitmFBu6mtddPyOKpHg8+5ahouoTCRtmAHZAXmolDtuZXfjL2T3OJ6DL6ezBPQB1SmMnpzjiWjCiMYmpIuw==",
      "dev": true,
      "requires": {
        "@vue/shared": "3.3.8"
      }
    },
    "@vue/reactivity-transform": {
      "version": "3.3.8",
      "resolved": "http://10.0.5.47:28080/repository/zuolin_frontend_group/@vue/reactivity-transform/-/reactivity-transform-3.3.8.tgz",
      "integrity": "sha512-49CvBzmZNtcHua0XJ7GdGifM8GOXoUMOX4dD40Y5DxI3R8OUhMlvf2nvgUAcPxaXiV5MQQ1Nwy09ADpnLQUqRw==",
      "dev": true,
      "requires": {
        "@babel/parser": "^7.23.0",
        "@vue/compiler-core": "3.3.8",
        "@vue/shared": "3.3.8",
        "estree-walker": "^2.0.2",
        "magic-string": "^0.30.5"
      }
    },
    "@vue/runtime-core": {
      "version": "3.3.8",
      "resolved": "http://10.0.5.47:28080/repository/zuolin_frontend_group/@vue/runtime-core/-/runtime-core-3.3.8.tgz",
      "integrity": "sha512-qurzOlb6q26KWQ/8IShHkMDOuJkQnQcTIp1sdP4I9MbCf9FJeGVRXJFr2mF+6bXh/3Zjr9TDgURXrsCr9bfjUw==",
      "dev": true,
      "requires": {
        "@vue/reactivity": "3.3.8",
        "@vue/shared": "3.3.8"
      }
    },
    "@vue/runtime-dom": {
      "version": "3.3.8",
      "resolved": "http://10.0.5.47:28080/repository/zuolin_frontend_group/@vue/runtime-dom/-/runtime-dom-3.3.8.tgz",
      "integrity": "sha512-Noy5yM5UIf9UeFoowBVgghyGGPIDPy1Qlqt0yVsUdAVbqI8eeMSsTqBtauaEoT2UFXUk5S64aWVNJN4MJ2vRdA==",
      "dev": true,
      "requires": {
        "@vue/runtime-core": "3.3.8",
        "@vue/shared": "3.3.8",
        "csstype": "^3.1.2"
      }
    },
    "@vue/server-renderer": {
      "version": "3.3.8",
      "resolved": "http://10.0.5.47:28080/repository/zuolin_frontend_group/@vue/server-renderer/-/server-renderer-3.3.8.tgz",
      "integrity": "sha512-zVCUw7RFskvPuNlPn/8xISbrf0zTWsTSdYTsUTN1ERGGZGVnRxM2QZ3x1OR32+vwkkCm0IW6HmJ49IsPm7ilLg==",
      "dev": true,
      "requires": {
        "@vue/compiler-ssr": "3.3.8",
        "@vue/shared": "3.3.8"
      }
    },
    "@vue/shared": {
      "version": "3.3.8",
      "resolved": "http://10.0.5.47:28080/repository/zuolin_frontend_group/@vue/shared/-/shared-3.3.8.tgz",
      "integrity": "sha512-8PGwybFwM4x8pcfgqEQFy70NaQxASvOC5DJwLQfpArw1UDfUXrJkdxD3BhVTMS+0Lef/TU7YO0Jvr0jJY8T+mw==",
      "dev": true
    },
    "ansi-regex": {
      "version": "5.0.1",
      "resolved": "http://10.0.5.47:28080/repository/zuolin_frontend_group/ansi-regex/-/ansi-regex-5.0.1.tgz",
      "integrity": "sha1-CCyyyJyf6GWaMRpTvWpNxTAdswQ="
    },
    "ansi-styles": {
      "version": "4.3.0",
      "resolved": "http://10.0.5.47:28080/repository/zuolin_frontend_group/ansi-styles/-/ansi-styles-4.3.0.tgz",
      "integrity": "sha1-7dgDYornHATIWuegkG7a00tkiTc=",
      "requires": {
        "color-convert": "^2.0.1"
      }
    },
    "base64-js": {
      "version": "1.5.1",
      "resolved": "http://10.0.5.47:28080/repository/zuolin_frontend_group/base64-js/-/base64-js-1.5.1.tgz",
      "integrity": "sha1-GxtEAWClv3rUC2UPCVljSBkDkwo="
    },
    "bl": {
      "version": "4.1.0",
      "resolved": "http://10.0.5.47:28080/repository/zuolin_frontend_group/bl/-/bl-4.1.0.tgz",
      "integrity": "sha1-RRU1JkGCvsL7vIOmKrmM8R2fezo=",
      "requires": {
        "buffer": "^5.5.0",
        "inherits": "^2.0.4",
        "readable-stream": "^3.4.0"
      }
    },
    "buffer": {
      "version": "5.7.1",
      "resolved": "http://10.0.5.47:28080/repository/zuolin_frontend_group/buffer/-/buffer-5.7.1.tgz",
      "integrity": "sha1-umLnwTEzBTWCGXFghRqPZI6Z7tA=",
      "requires": {
        "base64-js": "^1.3.1",
        "ieee754": "^1.1.13"
      }
    },
    "chalk": {
      "version": "4.1.2",
      "resolved": "http://10.0.5.47:28080/repository/zuolin_frontend_group/chalk/-/chalk-4.1.2.tgz",
      "integrity": "sha1-qsTit3NKdAhnrrFr8CqtVWoeegE=",
      "requires": {
        "ansi-styles": "^4.1.0",
        "supports-color": "^7.1.0"
      }
    },
    "cli-cursor": {
      "version": "3.1.0",
      "resolved": "http://10.0.5.47:28080/repository/zuolin_frontend_group/cli-cursor/-/cli-cursor-3.1.0.tgz",
      "integrity": "sha1-JkMFp65JDR0Dvwybp8kl0XU68wc=",
      "requires": {
        "restore-cursor": "^3.1.0"
      }
    },
    "cli-spinners": {
      "version": "2.9.1",
      "resolved": "http://10.0.5.47:28080/repository/zuolin_frontend_group/cli-spinners/-/cli-spinners-2.9.1.tgz",
      "integrity": "sha512-jHgecW0pxkonBJdrKsqxgRX9AcG+u/5k0Q7WPDfi8AogLAdwxEkyYYNWwZ5GvVFoFx2uiY1eNcSK00fh+1+FyQ=="
    },
    "clone": {
      "version": "1.0.4",
      "resolved": "http://10.0.5.47:28080/repository/zuolin_frontend_group/clone/-/clone-1.0.4.tgz",
      "integrity": "sha1-2jCcwmPfFZlMaIypAheco8fNfH4="
    },
    "color-convert": {
      "version": "2.0.1",
      "resolved": "http://10.0.5.47:28080/repository/zuolin_frontend_group/color-convert/-/color-convert-2.0.1.tgz",
      "integrity": "sha1-ctOmjVmMm9s68q0ehPIdiWq9TeM=",
      "requires": {
        "color-name": "~1.1.4"
      }
    },
    "color-name": {
      "version": "1.1.4",
      "resolved": "http://10.0.5.47:28080/repository/zuolin_frontend_group/color-name/-/color-name-1.1.4.tgz",
      "integrity": "sha1-wqCah6y95pVD3m9j+jmVyCbFNqI="
    },
    "commander": {
      "version": "11.1.0",
      "resolved": "http://10.0.5.47:28080/repository/zuolin_frontend_group/commander/-/commander-11.1.0.tgz",
      "integrity": "sha512-yPVavfyCcRhmorC7rWlkHn15b4wDVgVmBA7kV4QVBsF7kv/9TKJAbAXVTxvTnwP8HHKjRCJDClKbciiYS7p0DQ=="
    },
    "cross-spawn": {
      "version": "7.0.3",
      "resolved": "http://10.0.5.47:28080/repository/zuolin_frontend_group/cross-spawn/-/cross-spawn-7.0.3.tgz",
      "integrity": "sha1-9zqFudXUHQRVUcF34ogtSshXKKY=",
      "requires": {
        "path-key": "^3.1.0",
        "shebang-command": "^2.0.0",
        "which": "^2.0.1"
      }
    },
    "csstype": {
      "version": "3.1.2",
      "resolved": "http://10.0.5.47:28080/repository/zuolin_frontend_group/csstype/-/csstype-3.1.2.tgz",
      "integrity": "sha512-I7K1Uu0MBPzaFKg4nI5Q7Vs2t+3gWWW648spaF+Rg7pI9ds18Ugn+lvg4SHczUdKlHI5LWBXyqfS8+DufyBsgQ==",
      "dev": true
    },
    "defaults": {
      "version": "1.0.4",
      "resolved": "http://10.0.5.47:28080/repository/zuolin_frontend_group/defaults/-/defaults-1.0.4.tgz",
      "integrity": "sha512-eFuaLoy/Rxalv2kr+lqMlUnrDWV+3j4pljOIJgLIhI058IQfWJ7vXhyEIHu+HtC738klGALYxOKDO0bQP3tg8A==",
      "requires": {
        "clone": "^1.0.2"
      }
    },
    "estree-walker": {
      "version": "2.0.2",
      "resolved": "http://10.0.5.47:28080/repository/zuolin_frontend_group/estree-walker/-/estree-walker-2.0.2.tgz",
      "integrity": "sha1-UvAQF4wqTBF6d1fP6UKtt9LaTKw=",
      "dev": true
    },
    "has-flag": {
      "version": "4.0.0",
      "resolved": "http://10.0.5.47:28080/repository/zuolin_frontend_group/has-flag/-/has-flag-4.0.0.tgz",
      "integrity": "sha1-lEdx/ZyByBJlxNaUGGDaBrtZR5s="
    },
    "ieee754": {
      "version": "1.2.1",
      "resolved": "http://10.0.5.47:28080/repository/zuolin_frontend_group/ieee754/-/ieee754-1.2.1.tgz",
      "integrity": "sha1-jrehCmP/8l0VpXsAFYbRd9Gw01I="
    },
    "inherits": {
      "version": "2.0.4",
      "resolved": "http://10.0.5.47:28080/repository/zuolin_frontend_group/inherits/-/inherits-2.0.4.tgz",
      "integrity": "sha1-D6LGT5MpF8NDOg3tVTY6rjdBa3w="
    },
    "is-interactive": {
      "version": "1.0.0",
      "resolved": "http://10.0.5.47:28080/repository/zuolin_frontend_group/is-interactive/-/is-interactive-1.0.0.tgz",
      "integrity": "sha1-zqbmrlyHCnsKAAQHC3tYfgJSkS4="
    },
    "is-unicode-supported": {
      "version": "0.1.0",
      "resolved": "http://10.0.5.47:28080/repository/zuolin_frontend_group/is-unicode-supported/-/is-unicode-supported-0.1.0.tgz",
      "integrity": "sha1-PybHaoCVk7Ur+i7LVxDtJ3m1Iqc="
    },
    "isexe": {
      "version": "2.0.0",
      "resolved": "http://10.0.5.47:28080/repository/zuolin_frontend_group/isexe/-/isexe-2.0.0.tgz",
      "integrity": "sha1-6PvzdNxVb/iUehDcsFctYz8s+hA="
    },
    "log-symbols": {
      "version": "4.1.0",
      "resolved": "http://10.0.5.47:28080/repository/zuolin_frontend_group/log-symbols/-/log-symbols-4.1.0.tgz",
      "integrity": "sha1-P727lbRoOsn8eFER55LlWNSr1QM=",
      "requires": {
        "chalk": "^4.1.0",
        "is-unicode-supported": "^0.1.0"
      }
    },
    "magic-string": {
      "version": "0.30.5",
      "resolved": "http://10.0.5.47:28080/repository/zuolin_frontend_group/magic-string/-/magic-string-0.30.5.tgz",
      "integrity": "sha512-7xlpfBaQaP/T6Vh8MO/EqXSW5En6INHEvEXQiuff7Gku0PWjU3uf6w/j9o7O+SpB5fOAkrI5HeoNgwjEO0pFsA==",
      "dev": true,
      "requires": {
        "@jridgewell/sourcemap-codec": "^1.4.15"
      }
    },
    "mimic-fn": {
      "version": "2.1.0",
      "resolved": "http://10.0.5.47:28080/repository/zuolin_frontend_group/mimic-fn/-/mimic-fn-2.1.0.tgz",
      "integrity": "sha1-ftLCzMyvhNP/y3pptXcR/CCDQBs="
    },
    "nanoid": {
      "version": "3.3.7",
      "resolved": "http://10.0.5.47:28080/repository/zuolin_frontend_group/nanoid/-/nanoid-3.3.7.tgz",
      "integrity": "sha512-eSRppjcPIatRIMC1U6UngP8XFcz8MQWGQdt1MTBQ7NaAmvXDfvNxbvWV3x2y6CdEUciCSsDHDQZbhYaB8QEo2g==",
      "dev": true
    },
    "onetime": {
      "version": "5.1.2",
      "resolved": "http://10.0.5.47:28080/repository/zuolin_frontend_group/onetime/-/onetime-5.1.2.tgz",
      "integrity": "sha1-0Oluu1awdHbfHdnEgG5SN5hcpF4=",
      "requires": {
        "mimic-fn": "^2.1.0"
      }
    },
    "ora": {
      "version": "5.4.1",
      "resolved": "http://10.0.5.47:28080/repository/zuolin_frontend_group/ora/-/ora-5.4.1.tgz",
      "integrity": "sha1-GyZ4Qmr0rEpQkAjl5KyemVnbnhg=",
      "requires": {
        "bl": "^4.1.0",
        "chalk": "^4.1.0",
        "cli-cursor": "^3.1.0",
        "cli-spinners": "^2.5.0",
        "is-interactive": "^1.0.0",
        "is-unicode-supported": "^0.1.0",
        "log-symbols": "^4.1.0",
        "strip-ansi": "^6.0.0",
        "wcwidth": "^1.0.1"
      }
    },
    "path-key": {
      "version": "3.1.1",
      "resolved": "http://10.0.5.47:28080/repository/zuolin_frontend_group/path-key/-/path-key-3.1.1.tgz",
      "integrity": "sha1-WB9q3mWMu6ZaDTOA3ndTKVBU83U="
    },
    "picocolors": {
      "version": "1.0.0",
      "resolved": "http://10.0.5.47:28080/repository/zuolin_frontend_group/picocolors/-/picocolors-1.0.0.tgz",
      "integrity": "sha1-y1vcdP8/UYkiNur3nWi8RFZKuBw=",
      "dev": true
    },
    "postcss": {
      "version": "8.4.31",
      "resolved": "http://10.0.5.47:28080/repository/zuolin_frontend_group/postcss/-/postcss-8.4.31.tgz",
      "integrity": "sha512-PS08Iboia9mts/2ygV3eLpY5ghnUcfLV/EXTOW1E2qYxJKGGBUtNjN76FYHnMs36RmARn41bC0AZmn+rR0OVpQ==",
      "dev": true,
      "requires": {
        "nanoid": "^3.3.6",
        "picocolors": "^1.0.0",
        "source-map-js": "^1.0.2"
      }
    },
    "readable-stream": {
      "version": "3.6.2",
      "resolved": "http://10.0.5.47:28080/repository/zuolin_frontend_group/readable-stream/-/readable-stream-3.6.2.tgz",
      "integrity": "sha512-9u/sniCrY3D5WdsERHzHE4G2YCXqoG5FTHUiCC4SIbr6XcLZBY05ya9EKjYek9O5xOAwjGq+1JdGBAS7Q9ScoA==",
      "requires": {
        "inherits": "^2.0.3",
        "string_decoder": "^1.1.1",
        "util-deprecate": "^1.0.1"
      }
    },
    "restore-cursor": {
      "version": "3.1.0",
      "resolved": "http://10.0.5.47:28080/repository/zuolin_frontend_group/restore-cursor/-/restore-cursor-3.1.0.tgz",
      "integrity": "sha1-OfZ8VLOnpYzqUjbZXPADQjljH34=",
      "requires": {
        "onetime": "^5.1.0",
        "signal-exit": "^3.0.2"
      }
    },
    "safe-buffer": {
      "version": "5.2.1",
      "resolved": "http://10.0.5.47:28080/repository/zuolin_frontend_group/safe-buffer/-/safe-buffer-5.2.1.tgz",
      "integrity": "sha1-Hq+fqb2x/dTsdfWPnNtOa3gn7sY="
    },
    "shebang-command": {
      "version": "2.0.0",
      "resolved": "http://10.0.5.47:28080/repository/zuolin_frontend_group/shebang-command/-/shebang-command-2.0.0.tgz",
      "integrity": "sha1-zNCvT4g1+9wmW4JGGq8MNmY/NOo=",
      "requires": {
        "shebang-regex": "^3.0.0"
      }
    },
    "shebang-regex": {
      "version": "3.0.0",
      "resolved": "http://10.0.5.47:28080/repository/zuolin_frontend_group/shebang-regex/-/shebang-regex-3.0.0.tgz",
      "integrity": "sha1-rhbxZE2HPsrYQ7AwexQzYtTEIXI="
    },
    "signal-exit": {
      "version": "3.0.7",
      "resolved": "http://10.0.5.47:28080/repository/zuolin_frontend_group/signal-exit/-/signal-exit-3.0.7.tgz",
      "integrity": "sha512-wnD2ZE+l+SPC/uoS0vXeE9L1+0wuaMqKlfz9AMUo38JsyLSBWSFcHR1Rri62LZc12vLr1gb3jl7iwQhgwpAbGQ=="
    },
    "source-map-js": {
      "version": "1.0.2",
      "resolved": "http://10.0.5.47:28080/repository/zuolin_frontend_group/source-map-js/-/source-map-js-1.0.2.tgz",
      "integrity": "sha512-R0XvVJ9WusLiqTCEiGCmICCMplcCkIwwR11mOSD9CR5u+IXYdiseeEuXCVAjS54zqwkLcPNnmU4OeJ6tUrWhDw==",
      "dev": true
    },
    "string_decoder": {
      "version": "1.3.0",
      "resolved": "http://10.0.5.47:28080/repository/zuolin_frontend_group/string_decoder/-/string_decoder-1.3.0.tgz",
      "integrity": "sha1-QvEUWUpGzxqOMLCoT1bHjD7awh4=",
      "requires": {
        "safe-buffer": "~5.2.0"
      }
    },
    "strip-ansi": {
      "version": "6.0.1",
      "resolved": "http://10.0.5.47:28080/repository/zuolin_frontend_group/strip-ansi/-/strip-ansi-6.0.1.tgz",
      "integrity": "sha1-nibGPTD1NEPpSJSVshBdN7Z6hdk=",
      "requires": {
        "ansi-regex": "^5.0.1"
      }
    },
    "supports-color": {
      "version": "7.2.0",
      "resolved": "http://10.0.5.47:28080/repository/zuolin_frontend_group/supports-color/-/supports-color-7.2.0.tgz",
      "integrity": "sha1-G33NyzK4E4gBs+R4umpRyqiWSNo=",
      "requires": {
        "has-flag": "^4.0.0"
      }
    },
    "util-deprecate": {
      "version": "1.0.2",
      "resolved": "http://10.0.5.47:28080/repository/zuolin_frontend_group/util-deprecate/-/util-deprecate-1.0.2.tgz",
      "integrity": "sha1-RQ1Nyfpw3nMnYvvS1KKJgUGaDM8="
    },
    "vue": {
      "version": "3.3.8",
      "resolved": "http://10.0.5.47:28080/repository/zuolin_frontend_group/vue/-/vue-3.3.8.tgz",
      "integrity": "sha512-5VSX/3DabBikOXMsxzlW8JyfeLKlG9mzqnWgLQLty88vdZL7ZJgrdgBOmrArwxiLtmS+lNNpPcBYqrhE6TQW5w==",
      "dev": true,
      "requires": {
        "@vue/compiler-dom": "3.3.8",
        "@vue/compiler-sfc": "3.3.8",
        "@vue/runtime-dom": "3.3.8",
        "@vue/server-renderer": "3.3.8",
        "@vue/shared": "3.3.8"
      }
    },
    "vue-router": {
      "version": "4.2.5",
      "resolved": "http://10.0.5.47:28080/repository/zuolin_frontend_group/vue-router/-/vue-router-4.2.5.tgz",
      "integrity": "sha512-DIUpKcyg4+PTQKfFPX88UWhlagBEBEfJ5A8XDXRJLUnZOvcpMF8o/dnL90vpVkGaPbjvXazV/rC1qBKrZlFugw==",
      "dev": true,
      "requires": {
        "@vue/devtools-api": "^6.5.0"
      }
    },
    "vuex": {
      "version": "4.1.0",
      "resolved": "http://10.0.5.47:28080/repository/zuolin_frontend_group/vuex/-/vuex-4.1.0.tgz",
      "integrity": "sha512-hmV6UerDrPcgbSy9ORAtNXDr9M4wlNP4pEFKye4ujJF8oqgFFuxDCdOLS3eNoRTtq5O3hoBDh9Doj1bQMYHRbQ==",
      "dev": true,
      "requires": {
        "@vue/devtools-api": "^6.0.0-beta.11"
      }
    },
    "wcwidth": {
      "version": "1.0.1",
      "resolved": "http://10.0.5.47:28080/repository/zuolin_frontend_group/wcwidth/-/wcwidth-1.0.1.tgz",
      "integrity": "sha1-8LDc+RW8X/FSivrbLA4XtTLaL+g=",
      "requires": {
        "defaults": "^1.0.3"
      }
    },
    "which": {
      "version": "2.0.2",
      "resolved": "http://10.0.5.47:28080/repository/zuolin_frontend_group/which/-/which-2.0.2.tgz",
      "integrity": "sha1-fGqN0KY2oDJ+ELWckobu6T8/UbE=",
      "requires": {
        "isexe": "^2.0.0"
      }
    }
  }
}
